
Microsoft Visual Studio Solution File, Format Version 12.00
# Visual Studio Version 17
VisualStudioVersion = 17.10.35004.147
MinimumVisualStudioVersion = 10.0.40219.1
Project("{FAE04EC0-301F-11D3-BF4B-00C04F79EFBC}") = "FaccatLogica-01", "FaccatLogica-01\FaccatLogica-01.csproj", "{310D4BB9-48C4-4D89-B03F-A1FC894A5517}"
EndProject
Project("{FAE04EC0-301F-11D3-BF4B-00C04F79EFBC}") = "FaccatLogica-02", "FaccatLogica-02\FaccatLogica-02.csproj", "{5A9E5C99-4D2C-48E3-A576-4A50B37F39D2}"
EndProject
Project("{FAE04EC0-301F-11D3-BF4B-00C04F79EFBC}") = "FaccatLogica-03", "FaccatLogica-03\FaccatLogica-03.csproj", "{143CD7AD-BE14-4E0B-B872-AF0E4C19EA0B}"
EndProject
Global
	GlobalSection(SolutionConfigurationPlatforms) = preSolution
		Debug|Any CPU = Debug|Any CPU
		Release|Any CPU = Release|Any CPU
	EndGlobalSection
	GlobalSection(ProjectConfigurationPlatforms) = postSolution
		{310D4BB9-48C4-4D89-B03F-A1FC894A5517}.Debug|Any CPU.ActiveCfg = Debug|Any CPU
		{310D4BB9-48C4-4D89-B03F-A1FC894A5517}.Debug|Any CPU.Build.0 = Debug|Any CPU
		{310D4BB9-48C4-4D89-B03F-A1FC894A5517}.Release|Any CPU.ActiveCfg = Release|Any CPU
		{310D4BB9-48C4-4D89-B03F-A1FC894A5517}.Release|Any CPU.Build.0 = Release|Any CPU
		{5A9E5C99-4D2C-48E3-A576-4A50B37F39D2}.Debug|Any CPU.ActiveCfg = Debug|Any CPU
		{5A9E5C99-4D2C-48E3-A576-4A50B37F39D2}.Debug|Any CPU.Build.0 = Debug|Any CPU
		{5A9E5C99-4D2C-48E3-A576-4A50B37F39D2}.Release|Any CPU.ActiveCfg = Release|Any CPU
		{5A9E5C99-4D2C-48E3-A576-4A50B37F39D2}.Release|Any CPU.Build.0 = Release|Any CPU
		{143CD7AD-BE14-4E0B-B872-AF0E4C19EA0B}.Debug|Any CPU.ActiveCfg = Debug|Any CPU
		{143CD7AD-BE14-4E0B-B872-AF0E4C19EA0B}.Debug|Any CPU.Build.0 = Debug|Any CPU
		{143CD7AD-BE14-4E0B-B872-AF0E4C19EA0B}.Release|Any CPU.ActiveCfg = Release|Any CPU
		{143CD7AD-BE14-4E0B-B872-AF0E4C19EA0B}.Release|Any CPU.Build.0 = Release|Any CPU
	EndGlobalSection
	GlobalSection(SolutionProperties) = preSolution
		HideSolutionNode = FALSE
	EndGlobalSection
	GlobalSection(ExtensibilityGlobals) = postSolution
		SolutionGuid = {BB797CC7-C4AB-4A37-9B68-238C738DFC15}
	EndGlobalSection
EndGlobal
