
Microsoft Visual Studio Solution File, Format Version 12.00
# Visual Studio Version 17
VisualStudioVersion = 17.10.35004.147
MinimumVisualStudioVersion = 10.0.40219.1
Project("{FAE04EC0-301F-11D3-BF4B-00C04F79EFBC}") = "FaccatLogica-01", "FaccatLogica-01\FaccatLogica-01.csproj", "{310D4BB9-48C4-4D89-B03F-A1FC894A5517}"
EndProject
Project("{FAE04EC0-301F-11D3-BF4B-00C04F79EFBC}") = "FaccatLogica-02", "FaccatLogica-02\FaccatLogica-02.csproj", "{5A9E5C99-4D2C-48E3-A576-4A50B37F39D2}"
EndProject
Project("{FAE04EC0-301F-11D3-BF4B-00C04F79EFBC}") = "FaccatLogica-03", "FaccatLogica-03\FaccatLogica-03.csproj", "{143CD7AD-BE14-4E0B-B872-AF0E4C19EA0B}"
EndProject
Project("{FAE04EC0-301F-11D3-BF4B-00C04F79EFBC}") = "FaccatLogica-04", "FaccatLogica-04\FaccatLogica-04.csproj", "{3EE7EE7F-EF63-44B3-B548-2BD3BA466418}"
EndProject
Project("{FAE04EC0-301F-11D3-BF4B-00C04F79EFBC}") = "FaccatLogica-05", "FaccatLogica-05\FaccatLogica-05.csproj", "{C5CBA4B6-315E-401D-A556-7F6D6770D69E}"
EndProject
Project("{FAE04EC0-301F-11D3-BF4B-00C04F79EFBC}") = "FaccatLogica-06", "FaccatLogica-06\FaccatLogica-06.csproj", "{E413688D-FFF7-4DC5-A80D-166F93AF89E3}"
EndProject
Project("{FAE04EC0-301F-11D3-BF4B-00C04F79EFBC}") = "FaccatLogica-07", "FaccatLogica-07\FaccatLogica-07.csproj", "{307C403C-3E93-4703-B84A-9AEDF82E5622}"
EndProject
Project("{FAE04EC0-301F-11D3-BF4B-00C04F79EFBC}") = "FaccatLogica-08", "FaccatLogica-08\FaccatLogica-08.csproj", "{82A8E632-0559-4092-AF6C-DB2B9442BB93}"
EndProject
Project("{FAE04EC0-301F-11D3-BF4B-00C04F79EFBC}") = "FaccatLogica-09", "FaccatLogica-09\FaccatLogica-09.csproj", "{739A65DE-4C25-4180-9EBB-80C132DEB8DB}"
EndProject
Project("{FAE04EC0-301F-11D3-BF4B-00C04F79EFBC}") = "FaccatLogica-10", "FaccatLogica-10\FaccatLogica-10.csproj", "{3987A4EB-58B7-4CC9-A112-CA4FD9B5A0A0}"
EndProject
Global
	GlobalSection(SolutionConfigurationPlatforms) = preSolution
		Debug|Any CPU = Debug|Any CPU
		Release|Any CPU = Release|Any CPU
	EndGlobalSection
	GlobalSection(ProjectConfigurationPlatforms) = postSolution
		{310D4BB9-48C4-4D89-B03F-A1FC894A5517}.Debug|Any CPU.ActiveCfg = Debug|Any CPU
		{310D4BB9-48C4-4D89-B03F-A1FC894A5517}.Debug|Any CPU.Build.0 = Debug|Any CPU
		{310D4BB9-48C4-4D89-B03F-A1FC894A5517}.Release|Any CPU.ActiveCfg = Release|Any CPU
		{310D4BB9-48C4-4D89-B03F-A1FC894A5517}.Release|Any CPU.Build.0 = Release|Any CPU
		{5A9E5C99-4D2C-48E3-A576-4A50B37F39D2}.Debug|Any CPU.ActiveCfg = Debug|Any CPU
		{5A9E5C99-4D2C-48E3-A576-4A50B37F39D2}.Debug|Any CPU.Build.0 = Debug|Any CPU
		{5A9E5C99-4D2C-48E3-A576-4A50B37F39D2}.Release|Any CPU.ActiveCfg = Release|Any CPU
		{5A9E5C99-4D2C-48E3-A576-4A50B37F39D2}.Release|Any CPU.Build.0 = Release|Any CPU
		{143CD7AD-BE14-4E0B-B872-AF0E4C19EA0B}.Debug|Any CPU.ActiveCfg = Debug|Any CPU
		{143CD7AD-BE14-4E0B-B872-AF0E4C19EA0B}.Debug|Any CPU.Build.0 = Debug|Any CPU
		{143CD7AD-BE14-4E0B-B872-AF0E4C19EA0B}.Release|Any CPU.ActiveCfg = Release|Any CPU
		{143CD7AD-BE14-4E0B-B872-AF0E4C19EA0B}.Release|Any CPU.Build.0 = Release|Any CPU
		{3EE7EE7F-EF63-44B3-B548-2BD3BA466418}.Debug|Any CPU.ActiveCfg = Debug|Any CPU
		{3EE7EE7F-EF63-44B3-B548-2BD3BA466418}.Debug|Any CPU.Build.0 = Debug|Any CPU
		{3EE7EE7F-EF63-44B3-B548-2BD3BA466418}.Release|Any CPU.ActiveCfg = Release|Any CPU
		{3EE7EE7F-EF63-44B3-B548-2BD3BA466418}.Release|Any CPU.Build.0 = Release|Any CPU
		{C5CBA4B6-315E-401D-A556-7F6D6770D69E}.Debug|Any CPU.ActiveCfg = Debug|Any CPU
		{C5CBA4B6-315E-401D-A556-7F6D6770D69E}.Debug|Any CPU.Build.0 = Debug|Any CPU
		{C5CBA4B6-315E-401D-A556-7F6D6770D69E}.Release|Any CPU.ActiveCfg = Release|Any CPU
		{C5CBA4B6-315E-401D-A556-7F6D6770D69E}.Release|Any CPU.Build.0 = Release|Any CPU
		{E413688D-FFF7-4DC5-A80D-166F93AF89E3}.Debug|Any CPU.ActiveCfg = Debug|Any CPU
		{E413688D-FFF7-4DC5-A80D-166F93AF89E3}.Debug|Any CPU.Build.0 = Debug|Any CPU
		{E413688D-FFF7-4DC5-A80D-166F93AF89E3}.Release|Any CPU.ActiveCfg = Release|Any CPU
		{E413688D-FFF7-4DC5-A80D-166F93AF89E3}.Release|Any CPU.Build.0 = Release|Any CPU
		{307C403C-3E93-4703-B84A-9AEDF82E5622}.Debug|Any CPU.ActiveCfg = Debug|Any CPU
		{307C403C-3E93-4703-B84A-9AEDF82E5622}.Debug|Any CPU.Build.0 = Debug|Any CPU
		{307C403C-3E93-4703-B84A-9AEDF82E5622}.Release|Any CPU.ActiveCfg = Release|Any CPU
		{307C403C-3E93-4703-B84A-9AEDF82E5622}.Release|Any CPU.Build.0 = Release|Any CPU
		{82A8E632-0559-4092-AF6C-DB2B9442BB93}.Debug|Any CPU.ActiveCfg = Debug|Any CPU
		{82A8E632-0559-4092-AF6C-DB2B9442BB93}.Debug|Any CPU.Build.0 = Debug|Any CPU
		{82A8E632-0559-4092-AF6C-DB2B9442BB93}.Release|Any CPU.ActiveCfg = Release|Any CPU
		{82A8E632-0559-4092-AF6C-DB2B9442BB93}.Release|Any CPU.Build.0 = Release|Any CPU
		{739A65DE-4C25-4180-9EBB-80C132DEB8DB}.Debug|Any CPU.ActiveCfg = Debug|Any CPU
		{739A65DE-4C25-4180-9EBB-80C132DEB8DB}.Debug|Any CPU.Build.0 = Debug|Any CPU
		{739A65DE-4C25-4180-9EBB-80C132DEB8DB}.Release|Any CPU.ActiveCfg = Release|Any CPU
		{739A65DE-4C25-4180-9EBB-80C132DEB8DB}.Release|Any CPU.Build.0 = Release|Any CPU
		{3987A4EB-58B7-4CC9-A112-CA4FD9B5A0A0}.Debug|Any CPU.ActiveCfg = Debug|Any CPU
		{3987A4EB-58B7-4CC9-A112-CA4FD9B5A0A0}.Debug|Any CPU.Build.0 = Debug|Any CPU
		{3987A4EB-58B7-4CC9-A112-CA4FD9B5A0A0}.Release|Any CPU.ActiveCfg = Release|Any CPU
		{3987A4EB-58B7-4CC9-A112-CA4FD9B5A0A0}.Release|Any CPU.Build.0 = Release|Any CPU
	EndGlobalSection
	GlobalSection(SolutionProperties) = preSolution
		HideSolutionNode = FALSE
	EndGlobalSection
	GlobalSection(ExtensibilityGlobals) = postSolution
		SolutionGuid = {BB797CC7-C4AB-4A37-9B68-238C738DFC15}
	EndGlobalSection
EndGlobal
